
Microsoft Visual Studio Solution File, Format Version 12.00
# Visual Studio Version 17
VisualStudioVersion = 17.3.32901.215
MinimumVisualStudioVersion = 10.0.40219.1
Project("{9A19103F-16F7-4668-BE54-9A1E7A4F7556}") = "VehicleRentingSystemWeb", "VehicleRentingSystemWeb\VehicleRentingSystemWeb.csproj", "{92D9ACBA-6230-4648-ABF0-BDBB26EBD7BB}"
EndProject
Project("{9A19103F-16F7-4668-BE54-9A1E7A4F7556}") = "VehicleRentingSystem.DataAccess", "VehicleRentingSystem.DataAccess\VehicleRentingSystem.DataAccess.csproj", "{A4A95D9B-AE6E-4C5D-AC27-BB898A08FAE2}"
EndProject
Project("{9A19103F-16F7-4668-BE54-9A1E7A4F7556}") = "VehicleRentingSystem.Models", "VehicleRentingSystem.Models\VehicleRentingSystem.Models.csproj", "{976F9473-7696-4751-823E-CE2FBA782914}"
EndProject
Project("{9A19103F-16F7-4668-BE54-9A1E7A4F7556}") = "VehicleRentingSystem.Utility", "VehicleRentingSystem.Utility\VehicleRentingSystem.Utility.csproj", "{3AC89FBF-1F3D-48C0-A80D-BFBC9DD0922B}"
EndProject
Global
	GlobalSection(SolutionConfigurationPlatforms) = preSolution
		Debug|Any CPU = Debug|Any CPU
		Release|Any CPU = Release|Any CPU
	EndGlobalSection
	GlobalSection(ProjectConfigurationPlatforms) = postSolution
		{92D9ACBA-6230-4648-ABF0-BDBB26EBD7BB}.Debug|Any CPU.ActiveCfg = Debug|Any CPU
		{92D9ACBA-6230-4648-ABF0-BDBB26EBD7BB}.Debug|Any CPU.Build.0 = Debug|Any CPU
		{92D9ACBA-6230-4648-ABF0-BDBB26EBD7BB}.Release|Any CPU.ActiveCfg = Release|Any CPU
		{92D9ACBA-6230-4648-ABF0-BDBB26EBD7BB}.Release|Any CPU.Build.0 = Release|Any CPU
		{A4A95D9B-AE6E-4C5D-AC27-BB898A08FAE2}.Debug|Any CPU.ActiveCfg = Debug|Any CPU
		{A4A95D9B-AE6E-4C5D-AC27-BB898A08FAE2}.Debug|Any CPU.Build.0 = Debug|Any CPU
		{A4A95D9B-AE6E-4C5D-AC27-BB898A08FAE2}.Release|Any CPU.ActiveCfg = Release|Any CPU
		{A4A95D9B-AE6E-4C5D-AC27-BB898A08FAE2}.Release|Any CPU.Build.0 = Release|Any CPU
		{976F9473-7696-4751-823E-CE2FBA782914}.Debug|Any CPU.ActiveCfg = Debug|Any CPU
		{976F9473-7696-4751-823E-CE2FBA782914}.Debug|Any CPU.Build.0 = Debug|Any CPU
		{976F9473-7696-4751-823E-CE2FBA782914}.Release|Any CPU.ActiveCfg = Release|Any CPU
		{976F9473-7696-4751-823E-CE2FBA782914}.Release|Any CPU.Build.0 = Release|Any CPU
		{3AC89FBF-1F3D-48C0-A80D-BFBC9DD0922B}.Debug|Any CPU.ActiveCfg = Debug|Any CPU
		{3AC89FBF-1F3D-48C0-A80D-BFBC9DD0922B}.Debug|Any CPU.Build.0 = Debug|Any CPU
		{3AC89FBF-1F3D-48C0-A80D-BFBC9DD0922B}.Release|Any CPU.ActiveCfg = Release|Any CPU
		{3AC89FBF-1F3D-48C0-A80D-BFBC9DD0922B}.Release|Any CPU.Build.0 = Release|Any CPU
	EndGlobalSection
	GlobalSection(SolutionProperties) = preSolution
		HideSolutionNode = FALSE
	EndGlobalSection
	GlobalSection(ExtensibilityGlobals) = postSolution
		SolutionGuid = {D8E2D582-5868-4F58-B19D-23C0E71F7739}
	EndGlobalSection
EndGlobal
